<Solution>
  <Folder Name="/.sln/">
    <File Path="../.github/workflows/dotnet.yml" />
    <File Path="../README.md" />
    <File Path="Directory.Build.props" />
  </Folder>
  <Folder Name="/api-abstractions/">
    <Project Path="api-abstractions/Api.Abstractions.ChangeSetExecute/Api.Abstractions.ChangeSetExecute.csproj" />
    <Project Path="api-abstractions/Api.Abstractions.EmailSend/Api.Abstractions.EmailSend.csproj" />
    <Project Path="api-abstractions/Api.Abstractions.EntityCreate/Api.Abstractions.EntityCreate.csproj" />
    <Project Path="api-abstractions/Api.Abstractions.EntityDelete/Api.Abstractions.EntityDelete.csproj" />
    <Project Path="api-abstractions/Api.Abstractions.EntityGet/Api.Abstractions.EntityGet.csproj" />
    <Project Path="api-abstractions/Api.Abstractions.EntitySetGet/Api.Abstractions.EntitySetGet.csproj" />
    <Project Path="api-abstractions/Api.Abstractions.EntityUpdate/Api.Abstractions.EntityUpdate.csproj" />
    <Project Path="api-abstractions/Api.Abstractions.FetchXml/Api.Abstractions.FetchXml.csproj" />
    <Project Path="api-abstractions/Api.Abstractions.Impersonate/Api.Abstractions.Impersonate.csproj" />
    <Project Path="api-abstractions/Api.Abstractions.Search/Api.Abstractions.Search.csproj" />
    <Project Path="api-abstractions/Api.Abstractions.WhoAmI/Api.Abstractions.WhoAmI.csproj" />
    <Project Path="api-abstractions/Api.Abstractions/Api.Abstractions.csproj" />
  </Folder>
  <Folder Name="/api-core/">
    <Project Path="api-core/Api.Core.EntityKey.Test/Api.Core.EntityKey.Test.csproj" />
    <Project Path="api-core/Api.Core.EntityKey/Api.Core.EntityKey.csproj" />
    <Project Path="api-core/Api.Core.ExpandedField/Api.Core.ExpandedField.csproj" />
    <Project Path="api-core/Api.Core.FailureCode/Api.Core.FailureCode.csproj" />
    <Project Path="api-core/Api.Core.Impersonation/Api.Core.Impersonation.csproj" />
    <Project Path="api-core/Api.Core.Transaction/Api.Core.Transaction.csproj" />
  </Folder>
  <Folder Name="/api-impersonation/">
    <Project Path="api-impersonation/Api.Impersonation.Test/Api.Impersonation.Test.csproj" />
    <Project Path="api-impersonation/Api.Impersonation/Api.Impersonation.csproj" />
  </Folder>
  <Folder Name="/api/">
    <Project Path="api/Api.Test/Api.Test.csproj" />
    <Project Path="api/Api/Api.csproj" />
  </Folder>
</Solution>
